
Microsoft Visual Studio Solution File, Format Version 12.00
# Visual Studio Version 16
VisualStudioVersion = 16.0.31229.75
MinimumVisualStudioVersion = 10.0.40219.1
Project("{FAE04EC0-301F-11D3-BF4B-00C04F79EFBC}") = "Cambios", "Cambios\Cambios.csproj", "{B621BBFA-4F10-4F2C-83E0-2D31FC5C7241}"
EndProject
Global
	GlobalSection(SolutionConfigurationPlatforms) = preSolution
		Debug|Any CPU = Debug|Any CPU
		Release|Any CPU = Release|Any CPU
	EndGlobalSection
	GlobalSection(ProjectConfigurationPlatforms) = postSolution
		{B621BBFA-4F10-4F2C-83E0-2D31FC5C7241}.Debug|Any CPU.ActiveCfg = Debug|Any CPU
		{B621BBFA-4F10-4F2C-83E0-2D31FC5C7241}.Debug|Any CPU.Build.0 = Debug|Any CPU
		{B621BBFA-4F10-4F2C-83E0-2D31FC5C7241}.Release|Any CPU.ActiveCfg = Release|Any CPU
		{B621BBFA-4F10-4F2C-83E0-2D31FC5C7241}.Release|Any CPU.Build.0 = Release|Any CPU
	EndGlobalSection
	GlobalSection(SolutionProperties) = preSolution
		HideSolutionNode = FALSE
	EndGlobalSection
	GlobalSection(ExtensibilityGlobals) = postSolution
		SolutionGuid = {CC1D2180-E531-4B59-8E1F-62DCF10377A6}
	EndGlobalSection
EndGlobal
